
Microsoft Visual Studio Solution File, Format Version 12.00
# Visual Studio Version 17
VisualStudioVersion = 17.14.37012.4 d17.14
MinimumVisualStudioVersion = 10.0.40219.1
Project("{FAE04EC0-301F-11D3-BF4B-00C04F79EFBC}") = "Weather", "Weather.csproj", "{9D1FFD59-8366-4EF8-8467-58E798E7BD83}"
EndProject
Global
	GlobalSection(SolutionConfigurationPlatforms) = preSolution
		Debug|Any CPU = Debug|Any CPU
		Release|Any CPU = Release|Any CPU
	EndGlobalSection
	GlobalSection(ProjectConfigurationPlatforms) = postSolution
		{9D1FFD59-8366-4EF8-8467-58E798E7BD83}.Debug|Any CPU.ActiveCfg = Debug|Any CPU
		{9D1FFD59-8366-4EF8-8467-58E798E7BD83}.Debug|Any CPU.Build.0 = Debug|Any CPU
		{9D1FFD59-8366-4EF8-8467-58E798E7BD83}.Release|Any CPU.ActiveCfg = Release|Any CPU
		{9D1FFD59-8366-4EF8-8467-58E798E7BD83}.Release|Any CPU.Build.0 = Release|Any CPU
	EndGlobalSection
	GlobalSection(SolutionProperties) = preSolution
		HideSolutionNode = FALSE
	EndGlobalSection
	GlobalSection(ExtensibilityGlobals) = postSolution
		SolutionGuid = {D11AAC5D-ADFF-40E6-9501-C9FFA40A7ACC}
	EndGlobalSection
EndGlobal
